
Microsoft Visual Studio Solution File, Format Version 12.00
# Visual Studio Version 17
VisualStudioVersion = 17.4.33205.214
MinimumVisualStudioVersion = 10.0.40219.1
Project("{9A19103F-16F7-4668-BE54-9A1E7A4F7556}") = "Miha", "Miha\Miha.csproj", "{F8759017-D9F1-4CFA-8337-78342B234D8E}"
EndProject
Project("{2150E333-8FDC-42A3-9474-1A3956D46DE8}") = "Solution Items", "Solution Items", "{19490ECD-AC03-43C1-A86E-67A9278FD7F9}"
	ProjectSection(SolutionItems) = preProject
		.dockerignore = .dockerignore
		appsettings.json = appsettings.json
		Dockerfile = Dockerfile
		..\docker-compose.dev.yml = ..\docker-compose.dev.yml
		appsettings.edge.json = appsettings.edge.json
	EndProjectSection
EndProject
Project("{FAE04EC0-301F-11D3-BF4B-00C04F79EFBC}") = "Miha.Redis", "Miha.Redis\Miha.Redis.csproj", "{51E2A7AC-9B3D-4453-89E7-EF81DAE37E41}"
EndProject
Project("{FAE04EC0-301F-11D3-BF4B-00C04F79EFBC}") = "Miha.Discord", "Miha.Discord\Miha.Discord.csproj", "{35D0942C-06A7-44B0-9E81-7B36AEBD4320}"
EndProject
Project("{FAE04EC0-301F-11D3-BF4B-00C04F79EFBC}") = "Miha.Logic", "Miha.Logic\Miha.Logic.csproj", "{DB449965-B061-4BBD-8D9A-6CDDDF075442}"
EndProject
Project("{FAE04EC0-301F-11D3-BF4B-00C04F79EFBC}") = "Miha.Shared", "Miha.Shared\Miha.Shared.csproj", "{957EEF51-3555-4C7A-928D-37DB36262921}"
EndProject
Global
	GlobalSection(SolutionConfigurationPlatforms) = preSolution
		Debug|Any CPU = Debug|Any CPU
		Release|Any CPU = Release|Any CPU
	EndGlobalSection
	GlobalSection(ProjectConfigurationPlatforms) = postSolution
		{F8759017-D9F1-4CFA-8337-78342B234D8E}.Debug|Any CPU.ActiveCfg = Debug|Any CPU
		{F8759017-D9F1-4CFA-8337-78342B234D8E}.Debug|Any CPU.Build.0 = Debug|Any CPU
		{F8759017-D9F1-4CFA-8337-78342B234D8E}.Release|Any CPU.ActiveCfg = Release|Any CPU
		{F8759017-D9F1-4CFA-8337-78342B234D8E}.Release|Any CPU.Build.0 = Release|Any CPU
		{51E2A7AC-9B3D-4453-89E7-EF81DAE37E41}.Debug|Any CPU.ActiveCfg = Debug|Any CPU
		{51E2A7AC-9B3D-4453-89E7-EF81DAE37E41}.Debug|Any CPU.Build.0 = Debug|Any CPU
		{51E2A7AC-9B3D-4453-89E7-EF81DAE37E41}.Release|Any CPU.ActiveCfg = Release|Any CPU
		{51E2A7AC-9B3D-4453-89E7-EF81DAE37E41}.Release|Any CPU.Build.0 = Release|Any CPU
		{35D0942C-06A7-44B0-9E81-7B36AEBD4320}.Debug|Any CPU.ActiveCfg = Debug|Any CPU
		{35D0942C-06A7-44B0-9E81-7B36AEBD4320}.Debug|Any CPU.Build.0 = Debug|Any CPU
		{35D0942C-06A7-44B0-9E81-7B36AEBD4320}.Release|Any CPU.ActiveCfg = Release|Any CPU
		{35D0942C-06A7-44B0-9E81-7B36AEBD4320}.Release|Any CPU.Build.0 = Release|Any CPU
		{DB449965-B061-4BBD-8D9A-6CDDDF075442}.Debug|Any CPU.ActiveCfg = Debug|Any CPU
		{DB449965-B061-4BBD-8D9A-6CDDDF075442}.Debug|Any CPU.Build.0 = Debug|Any CPU
		{DB449965-B061-4BBD-8D9A-6CDDDF075442}.Release|Any CPU.ActiveCfg = Release|Any CPU
		{DB449965-B061-4BBD-8D9A-6CDDDF075442}.Release|Any CPU.Build.0 = Release|Any CPU
		{957EEF51-3555-4C7A-928D-37DB36262921}.Debug|Any CPU.ActiveCfg = Debug|Any CPU
		{957EEF51-3555-4C7A-928D-37DB36262921}.Debug|Any CPU.Build.0 = Debug|Any CPU
		{957EEF51-3555-4C7A-928D-37DB36262921}.Release|Any CPU.ActiveCfg = Release|Any CPU
		{957EEF51-3555-4C7A-928D-37DB36262921}.Release|Any CPU.Build.0 = Release|Any CPU
	EndGlobalSection
	GlobalSection(SolutionProperties) = preSolution
		HideSolutionNode = FALSE
	EndGlobalSection
	GlobalSection(ExtensibilityGlobals) = postSolution
		SolutionGuid = {55BF070D-BF4E-4923-B353-11042143FA04}
	EndGlobalSection
EndGlobal
